
Microsoft Visual Studio Solution File, Format Version 12.00
# Visual Studio Version 17
VisualStudioVersion = 17.14.36301.6 d17.14
MinimumVisualStudioVersion = 10.0.40219.1
Project("{FAE04EC0-301F-11D3-BF4B-00C04F79EFBC}") = "wordle analogue", "wordle analogue\wordle analogue.csproj", "{909D8FA4-5A54-49F5-B58E-EE54F80F5AFA}"
EndProject
Global
	GlobalSection(SolutionConfigurationPlatforms) = preSolution
		Debug|Any CPU = Debug|Any CPU
		Release|Any CPU = Release|Any CPU
	EndGlobalSection
	GlobalSection(ProjectConfigurationPlatforms) = postSolution
		{909D8FA4-5A54-49F5-B58E-EE54F80F5AFA}.Debug|Any CPU.ActiveCfg = Debug|Any CPU
		{909D8FA4-5A54-49F5-B58E-EE54F80F5AFA}.Debug|Any CPU.Build.0 = Debug|Any CPU
		{909D8FA4-5A54-49F5-B58E-EE54F80F5AFA}.Release|Any CPU.ActiveCfg = Release|Any CPU
		{909D8FA4-5A54-49F5-B58E-EE54F80F5AFA}.Release|Any CPU.Build.0 = Release|Any CPU
	EndGlobalSection
	GlobalSection(SolutionProperties) = preSolution
		HideSolutionNode = FALSE
	EndGlobalSection
	GlobalSection(ExtensibilityGlobals) = postSolution
		SolutionGuid = {3B092816-744F-4DE1-8916-BC965F7AB80B}
	EndGlobalSection
EndGlobal
